// !$*UTF8*$!
{
	archiveVersion = 1;
	classes = {
	};
	objectVersion = 77;
	objects = {

/* Begin PBXContainerItemProxy section */
		CA2082752E1A973800AADEBF /* PBXContainerItemProxy */ = {
			isa = PBXContainerItemProxy;
			containerPortal = CAFD1A752E14F0F1004433A0 /* Project object */;
			proxyType = 1;
			remoteGlobalIDString = CAFD1A7C2E14F0F1004433A0;
			remoteInfo = SwiftRecorder;
		};
		CA2082842E1A975100AADEBF /* PBXContainerItemProxy */ = {
			isa = PBXContainerItemProxy;
			containerPortal = CAFD1A752E14F0F1004433A0 /* Project object */;
			proxyType = 1;
			remoteGlobalIDString = CAFD1A7C2E14F0F1004433A0;
			remoteInfo = SwiftRecorder;
		};
/* End PBXContainerItemProxy section */

/* Begin PBXFileReference section */
		CA2082712E1A973800AADEBF /* SwiftRecorderTests.xctest */ = {isa = PBXFileReference; explicitFileType = wrapper.cfbundle; includeInIndex = 0; path = SwiftRecorderTests.xctest; sourceTree = BUILT_PRODUCTS_DIR; };
		CA20827E2E1A975100AADEBF /* SwiftRecorderUITests.xctest */ = {isa = PBXFileReference; explicitFileType = wrapper.cfbundle; includeInIndex = 0; path = SwiftRecorderUITests.xctest; sourceTree = BUILT_PRODUCTS_DIR; };
		CAFD1A7D2E14F0F1004433A0 /* SwiftRecorder.app */ = {isa = PBXFileReference; explicitFileType = wrapper.application; includeInIndex = 0; path = SwiftRecorder.app; sourceTree = BUILT_PRODUCTS_DIR; };
/* End PBXFileReference section */

/* Begin PBXFileSystemSynchronizedRootGroup section */
		CA2082722E1A973800AADEBF /* SwiftRecorderTests */ = {
			isa = PBXFileSystemSynchronizedRootGroup;
			path = SwiftRecorderTests;
			sourceTree = "<group>";
		};
		CA20827F2E1A975100AADEBF /* SwiftRecorderUITests */ = {
			isa = PBXFileSystemSynchronizedRootGroup;
			path = SwiftRecorderUITests;
			sourceTree = "<group>";
		};
		CAEC61572E18B296000C878D /* Mock */ = {
			isa = PBXFileSystemSynchronizedRootGroup;
			path = Mock;
			sourceTree = "<group>";
		};
		CAFD1A7F2E14F0F1004433A0 /* SwiftRecorder */ = {
			isa = PBXFileSystemSynchronizedRootGroup;
			path = SwiftRecorder;
			sourceTree = "<group>";
		};
/* End PBXFileSystemSynchronizedRootGroup section */

/* Begin PBXFrameworksBuildPhase section */
		CA20826E2E1A973800AADEBF /* Frameworks */ = {
			isa = PBXFrameworksBuildPhase;
			buildActionMask = 2147483647;
			files = (
			);
			runOnlyForDeploymentPostprocessing = 0;
		};
		CA20827B2E1A975100AADEBF /* Frameworks */ = {
			isa = PBXFrameworksBuildPhase;
			buildActionMask = 2147483647;
			files = (
			);
			runOnlyForDeploymentPostprocessing = 0;
		};
		CAFD1A7A2E14F0F1004433A0 /* Frameworks */ = {
			isa = PBXFrameworksBuildPhase;
			buildActionMask = 2147483647;
			files = (
			);
			runOnlyForDeploymentPostprocessing = 0;
		};
/* End PBXFrameworksBuildPhase section */

/* Begin PBXGroup section */
		CAFD1A742E14F0F1004433A0 = {
			isa = PBXGroup;
			children = (
				CAFD1A7F2E14F0F1004433A0 /* SwiftRecorder */,
				CA2082722E1A973800AADEBF /* SwiftRecorderTests */,
				CA20827F2E1A975100AADEBF /* SwiftRecorderUITests */,
				CAFD1A7E2E14F0F1004433A0 /* Products */,
				CAEC61572E18B296000C878D /* Mock */,
			);
			sourceTree = "<group>";
		};
		CAFD1A7E2E14F0F1004433A0 /* Products */ = {
			isa = PBXGroup;
			children = (
				CAFD1A7D2E14F0F1004433A0 /* SwiftRecorder.app */,
				CA2082712E1A973800AADEBF /* SwiftRecorderTests.xctest */,
				CA20827E2E1A975100AADEBF /* SwiftRecorderUITests.xctest */,
			);
			name = Products;
			sourceTree = "<group>";
		};
/* End PBXGroup section */

/* Begin PBXNativeTarget section */
		CA2082702E1A973800AADEBF /* SwiftRecorderTests */ = {
			isa = PBXNativeTarget;
			buildConfigurationList = CA2082772E1A973800AADEBF /* Build configuration list for PBXNativeTarget "SwiftRecorderTests" */;
			buildPhases = (
				CA20826D2E1A973800AADEBF /* Sources */,
				CA20826E2E1A973800AADEBF /* Frameworks */,
				CA20826F2E1A973800AADEBF /* Resources */,
			);
			buildRules = (
			);
			dependencies = (
				CA2082762E1A973800AADEBF /* PBXTargetDependency */,
			);
			fileSystemSynchronizedGroups = (
				CA2082722E1A973800AADEBF /* SwiftRecorderTests */,
			);
			name = SwiftRecorderTests;
			packageProductDependencies = (
			);
			productName = SwiftRecorderTests;
			productReference = CA2082712E1A973800AADEBF /* SwiftRecorderTests.xctest */;
			productType = "com.apple.product-type.bundle.unit-test";
		};
		CA20827D2E1A975100AADEBF /* SwiftRecorderUITests */ = {
			isa = PBXNativeTarget;
			buildConfigurationList = CA2082862E1A975100AADEBF /* Build configuration list for PBXNativeTarget "SwiftRecorderUITests" */;
			buildPhases = (
				CA20827A2E1A975100AADEBF /* Sources */,
				CA20827B2E1A975100AADEBF /* Frameworks */,
				CA20827C2E1A975100AADEBF /* Resources */,
			);
			buildRules = (
			);
			dependencies = (
				CA2082852E1A975100AADEBF /* PBXTargetDependency */,
			);
			fileSystemSynchronizedGroups = (
				CA20827F2E1A975100AADEBF /* SwiftRecorderUITests */,
			);
			name = SwiftRecorderUITests;
			packageProductDependencies = (
			);
			productName = SwiftRecorderUITests;
			productReference = CA20827E2E1A975100AADEBF /* SwiftRecorderUITests.xctest */;
			productType = "com.apple.product-type.bundle.ui-testing";
		};
		CAFD1A7C2E14F0F1004433A0 /* SwiftRecorder */ = {
			isa = PBXNativeTarget;
			buildConfigurationList = CAFD1A8A2E14F0F2004433A0 /* Build configuration list for PBXNativeTarget "SwiftRecorder" */;
			buildPhases = (
				CAFD1A792E14F0F1004433A0 /* Sources */,
				CAFD1A7A2E14F0F1004433A0 /* Frameworks */,
				CAFD1A7B2E14F0F1004433A0 /* Resources */,
			);
			buildRules = (
			);
			dependencies = (
			);
			fileSystemSynchronizedGroups = (
				CAEC61572E18B296000C878D /* Mock */,
				CAFD1A7F2E14F0F1004433A0 /* SwiftRecorder */,
			);
			name = SwiftRecorder;
			packageProductDependencies = (
			);
			productName = SwiftRecorder;
			productReference = CAFD1A7D2E14F0F1004433A0 /* SwiftRecorder.app */;
			productType = "com.apple.product-type.application";
		};
/* End PBXNativeTarget section */

/* Begin PBXProject section */
		CAFD1A752E14F0F1004433A0 /* Project object */ = {
			isa = PBXProject;
			attributes = {
				BuildIndependentTargetsInParallel = 1;
				LastSwiftUpdateCheck = 1640;
				LastUpgradeCheck = 1640;
				TargetAttributes = {
					CA2082702E1A973800AADEBF = {
						CreatedOnToolsVersion = 16.4;
						TestTargetID = CAFD1A7C2E14F0F1004433A0;
					};
					CA20827D2E1A975100AADEBF = {
						CreatedOnToolsVersion = 16.4;
						TestTargetID = CAFD1A7C2E14F0F1004433A0;
					};
					CAFD1A7C2E14F0F1004433A0 = {
						CreatedOnToolsVersion = 16.4;
					};
				};
			};
			buildConfigurationList = CAFD1A782E14F0F1004433A0 /* Build configuration list for PBXProject "SwiftRecorder" */;
			developmentRegion = en;
			hasScannedForEncodings = 0;
			knownRegions = (
				en,
				Base,
			);
			mainGroup = CAFD1A742E14F0F1004433A0;
			minimizedProjectReferenceProxies = 1;
			preferredProjectObjectVersion = 77;
			productRefGroup = CAFD1A7E2E14F0F1004433A0 /* Products */;
			projectDirPath = "";
			projectRoot = "";
			targets = (
				CAFD1A7C2E14F0F1004433A0 /* SwiftRecorder */,
				CA2082702E1A973800AADEBF /* SwiftRecorderTests */,
				CA20827D2E1A975100AADEBF /* SwiftRecorderUITests */,
			);
		};
/* End PBXProject section */

/* Begin PBXResourcesBuildPhase section */
		CA20826F2E1A973800AADEBF /* Resources */ = {
			isa = PBXResourcesBuildPhase;
			buildActionMask = 2147483647;
			files = (
			);
			runOnlyForDeploymentPostprocessing = 0;
		};
		CA20827C2E1A975100AADEBF /* Resources */ = {
			isa = PBXResourcesBuildPhase;
			buildActionMask = 2147483647;
			files = (
			);
			runOnlyForDeploymentPostprocessing = 0;
		};
		CAFD1A7B2E14F0F1004433A0 /* Resources */ = {
			isa = PBXResourcesBuildPhase;
			buildActionMask = 2147483647;
			files = (
			);
			runOnlyForDeploymentPostprocessing = 0;
		};
/* End PBXResourcesBuildPhase section */

/* Begin PBXSourcesBuildPhase section */
		CA20826D2E1A973800AADEBF /* Sources */ = {
			isa = PBXSourcesBuildPhase;
			buildActionMask = 2147483647;
			files = (
			);
			runOnlyForDeploymentPostprocessing = 0;
		};
		CA20827A2E1A975100AADEBF /* Sources */ = {
			isa = PBXSourcesBuildPhase;
			buildActionMask = 2147483647;
			files = (
			);
			runOnlyForDeploymentPostprocessing = 0;
		};
		CAFD1A792E14F0F1004433A0 /* Sources */ = {
			isa = PBXSourcesBuildPhase;
			buildActionMask = 2147483647;
			files = (
			);
			runOnlyForDeploymentPostprocessing = 0;
		};
/* End PBXSourcesBuildPhase section */

/* Begin PBXTargetDependency section */
		CA2082762E1A973800AADEBF /* PBXTargetDependency */ = {
			isa = PBXTargetDependency;
			target = CAFD1A7C2E14F0F1004433A0 /* SwiftRecorder */;
			targetProxy = CA2082752E1A973800AADEBF /* PBXContainerItemProxy */;
		};
		CA2082852E1A975100AADEBF /* PBXTargetDependency */ = {
			isa = PBXTargetDependency;
			target = CAFD1A7C2E14F0F1004433A0 /* SwiftRecorder */;
			targetProxy = CA2082842E1A975100AADEBF /* PBXContainerItemProxy */;
		};
/* End PBXTargetDependency section */

/* Begin XCBuildConfiguration section */
		CA2082782E1A973800AADEBF /* Debug */ = {
			isa = XCBuildConfiguration;
			buildSettings = {
				BUNDLE_LOADER = "$(TEST_HOST)";
				CODE_SIGN_STYLE = Automatic;
				CURRENT_PROJECT_VERSION = 1;
				DEVELOPMENT_TEAM = YU5RM84NC9;
				GENERATE_INFOPLIST_FILE = YES;
				MARKETING_VERSION = 1.0;
				PRODUCT_BUNDLE_IDENTIFIER = com.letsgobjones.SwiftRecorderTests;
				PRODUCT_NAME = "$(TARGET_NAME)";
				SWIFT_EMIT_LOC_STRINGS = NO;
				SWIFT_VERSION = 5.0;
				TARGETED_DEVICE_FAMILY = "1,2";
				TEST_HOST = "$(BUILT_PRODUCTS_DIR)/SwiftRecorder.app/$(BUNDLE_EXECUTABLE_FOLDER_PATH)/SwiftRecorder";
			};
			name = Debug;
		};
		CA2082792E1A973800AADEBF /* Release */ = {
			isa = XCBuildConfiguration;
			buildSettings = {
				BUNDLE_LOADER = "$(TEST_HOST)";
				CODE_SIGN_STYLE = Automatic;
				CURRENT_PROJECT_VERSION = 1;
				DEVELOPMENT_TEAM = YU5RM84NC9;
				GENERATE_INFOPLIST_FILE = YES;
				MARKETING_VERSION = 1.0;
				PRODUCT_BUNDLE_IDENTIFIER = com.letsgobjones.SwiftRecorderTests;
				PRODUCT_NAME = "$(TARGET_NAME)";
				SWIFT_EMIT_LOC_STRINGS = NO;
				SWIFT_VERSION = 5.0;
				TARGETED_DEVICE_FAMILY = "1,2";
				TEST_HOST = "$(BUILT_PRODUCTS_DIR)/SwiftRecorder.app/$(BUNDLE_EXECUTABLE_FOLDER_PATH)/SwiftRecorder";
			};
			name = Release;
		};
		CA2082872E1A975100AADEBF /* Debug */ = {
			isa = XCBuildConfiguration;
			buildSettings = {
				CODE_SIGN_STYLE = Automatic;
				CURRENT_PROJECT_VERSION = 1;
				DEVELOPMENT_TEAM = YU5RM84NC9;
				GENERATE_INFOPLIST_FILE = YES;
				MARKETING_VERSION = 1.0;
				PRODUCT_BUNDLE_IDENTIFIER = com.letsgobjones.SwiftRecorderUITests;
				PRODUCT_NAME = "$(TARGET_NAME)";
				SWIFT_EMIT_LOC_STRINGS = NO;
				SWIFT_VERSION = 5.0;
				TARGETED_DEVICE_FAMILY = "1,2";
				TEST_TARGET_NAME = SwiftRecorder;
			};
			name = Debug;
		};
		CA2082882E1A975100AADEBF /* Release */ = {
			isa = XCBuildConfiguration;
			buildSettings = {
				CODE_SIGN_STYLE = Automatic;
				CURRENT_PROJECT_VERSION = 1;
				DEVELOPMENT_TEAM = YU5RM84NC9;
				GENERATE_INFOPLIST_FILE = YES;
				MARKETING_VERSION = 1.0;
				PRODUCT_BUNDLE_IDENTIFIER = com.letsgobjones.SwiftRecorderUITests;
				PRODUCT_NAME = "$(TARGET_NAME)";
				SWIFT_EMIT_LOC_STRINGS = NO;
				SWIFT_VERSION = 5.0;
				TARGETED_DEVICE_FAMILY = "1,2";
				TEST_TARGET_NAME = SwiftRecorder;
			};
			name = Release;
		};
		CAFD1A882E14F0F2004433A0 /* Debug */ = {
			isa = XCBuildConfiguration;
			buildSettings = {
				ALWAYS_SEARCH_USER_PATHS = NO;
				ASSETCATALOG_COMPILER_GENERATE_SWIFT_ASSET_SYMBOL_EXTENSIONS = YES;
				CLANG_ANALYZER_NONNULL = YES;
				CLANG_ANALYZER_NUMBER_OBJECT_CONVERSION = YES_AGGRESSIVE;
				CLANG_CXX_LANGUAGE_STANDARD = "gnu++20";
				CLANG_ENABLE_MODULES = YES;
				CLANG_ENABLE_OBJC_ARC = YES;
				CLANG_ENABLE_OBJC_WEAK = YES;
				CLANG_WARN_BLOCK_CAPTURE_AUTORELEASING = YES;
				CLANG_WARN_BOOL_CONVERSION = YES;
				CLANG_WARN_COMMA = YES;
				CLANG_WARN_CONSTANT_CONVERSION = YES;
				CLANG_WARN_DEPRECATED_OBJC_IMPLEMENTATIONS = YES;
				CLANG_WARN_DIRECT_OBJC_ISA_USAGE = YES_ERROR;
				CLANG_WARN_DOCUMENTATION_COMMENTS = YES;
				CLANG_WARN_EMPTY_BODY = YES;
				CLANG_WARN_ENUM_CONVERSION = YES;
				CLANG_WARN_INFINITE_RECURSION = YES;
				CLANG_WARN_INT_CONVERSION = YES;
				CLANG_WARN_NON_LITERAL_NULL_CONVERSION = YES;
				CLANG_WARN_OBJC_IMPLICIT_RETAIN_SELF = YES;
				CLANG_WARN_OBJC_LITERAL_CONVERSION = YES;
				CLANG_WARN_OBJC_ROOT_CLASS = YES_ERROR;
				CLANG_WARN_QUOTED_INCLUDE_IN_FRAMEWORK_HEADER = YES;
				CLANG_WARN_RANGE_LOOP_ANALYSIS = YES;
				CLANG_WARN_STRICT_PROTOTYPES = YES;
				CLANG_WARN_SUSPICIOUS_MOVE = YES;
				CLANG_WARN_UNGUARDED_AVAILABILITY = YES_AGGRESSIVE;
				CLANG_WARN_UNREACHABLE_CODE = YES;
				CLANG_WARN__DUPLICATE_METHOD_MATCH = YES;
				COPY_PHASE_STRIP = NO;
				DEBUG_INFORMATION_FORMAT = dwarf;
				DEVELOPMENT_TEAM = YU5RM84NC9;
				ENABLE_STRICT_OBJC_MSGSEND = YES;
				ENABLE_TESTABILITY = YES;
				ENABLE_USER_SCRIPT_SANDBOXING = YES;
				GCC_C_LANGUAGE_STANDARD = gnu17;
				GCC_DYNAMIC_NO_PIC = NO;
				GCC_NO_COMMON_BLOCKS = YES;
				GCC_OPTIMIZATION_LEVEL = 0;
				GCC_PREPROCESSOR_DEFINITIONS = (
					"DEBUG=1",
					"$(inherited)",
				);
				GCC_WARN_64_TO_32_BIT_CONVERSION = YES;
				GCC_WARN_ABOUT_RETURN_TYPE = YES_ERROR;
				GCC_WARN_UNDECLARED_SELECTOR = YES;
				GCC_WARN_UNINITIALIZED_AUTOS = YES_AGGRESSIVE;
				GCC_WARN_UNUSED_FUNCTION = YES;
				GCC_WARN_UNUSED_VARIABLE = YES;
				IPHONEOS_DEPLOYMENT_TARGET = 18.5;
				LOCALIZATION_PREFERS_STRING_CATALOGS = YES;
				MTL_ENABLE_DEBUG_INFO = INCLUDE_SOURCE;
				MTL_FAST_MATH = YES;
				ONLY_ACTIVE_ARCH = YES;
				SDKROOT = iphoneos;
				SWIFT_ACTIVE_COMPILATION_CONDITIONS = "DEBUG $(inherited)";
				SWIFT_OPTIMIZATION_LEVEL = "-Onone";
			};
			name = Debug;
		};
		CAFD1A892E14F0F2004433A0 /* Release */ = {
			isa = XCBuildConfiguration;
			buildSettings = {
				ALWAYS_SEARCH_USER_PATHS = NO;
				ASSETCATALOG_COMPILER_GENERATE_SWIFT_ASSET_SYMBOL_EXTENSIONS = YES;
				CLANG_ANALYZER_NONNULL = YES;
				CLANG_ANALYZER_NUMBER_OBJECT_CONVERSION = YES_AGGRESSIVE;
				CLANG_CXX_LANGUAGE_STANDARD = "gnu++20";
				CLANG_ENABLE_MODULES = YES;
				CLANG_ENABLE_OBJC_ARC = YES;
				CLANG_ENABLE_OBJC_WEAK = YES;
				CLANG_WARN_BLOCK_CAPTURE_AUTORELEASING = YES;
				CLANG_WARN_BOOL_CONVERSION = YES;
				CLANG_WARN_COMMA = YES;
				CLANG_WARN_CONSTANT_CONVERSION = YES;
				CLANG_WARN_DEPRECATED_OBJC_IMPLEMENTATIONS = YES;
				CLANG_WARN_DIRECT_OBJC_ISA_USAGE = YES_ERROR;
				CLANG_WARN_DOCUMENTATION_COMMENTS = YES;
				CLANG_WARN_EMPTY_BODY = YES;
				CLANG_WARN_ENUM_CONVERSION = YES;
				CLANG_WARN_INFINITE_RECURSION = YES;
				CLANG_WARN_INT_CONVERSION = YES;
				CLANG_WARN_NON_LITERAL_NULL_CONVERSION = YES;
				CLANG_WARN_OBJC_IMPLICIT_RETAIN_SELF = YES;
				CLANG_WARN_OBJC_LITERAL_CONVERSION = YES;
				CLANG_WARN_OBJC_ROOT_CLASS = YES_ERROR;
				CLANG_WARN_QUOTED_INCLUDE_IN_FRAMEWORK_HEADER = YES;
				CLANG_WARN_RANGE_LOOP_ANALYSIS = YES;
				CLANG_WARN_STRICT_PROTOTYPES = YES;
				CLANG_WARN_SUSPICIOUS_MOVE = YES;
				CLANG_WARN_UNGUARDED_AVAILABILITY = YES_AGGRESSIVE;
				CLANG_WARN_UNREACHABLE_CODE = YES;
				CLANG_WARN__DUPLICATE_METHOD_MATCH = YES;
				COPY_PHASE_STRIP = NO;
				DEBUG_INFORMATION_FORMAT = "dwarf-with-dsym";
				DEVELOPMENT_TEAM = YU5RM84NC9;
				ENABLE_NS_ASSERTIONS = NO;
				ENABLE_STRICT_OBJC_MSGSEND = YES;
				ENABLE_USER_SCRIPT_SANDBOXING = YES;
				GCC_C_LANGUAGE_STANDARD = gnu17;
				GCC_NO_COMMON_BLOCKS = YES;
				GCC_WARN_64_TO_32_BIT_CONVERSION = YES;
				GCC_WARN_ABOUT_RETURN_TYPE = YES_ERROR;
				GCC_WARN_UNDECLARED_SELECTOR = YES;
				GCC_WARN_UNINITIALIZED_AUTOS = YES_AGGRESSIVE;
				GCC_WARN_UNUSED_FUNCTION = YES;
				GCC_WARN_UNUSED_VARIABLE = YES;
				IPHONEOS_DEPLOYMENT_TARGET = 18.5;
				LOCALIZATION_PREFERS_STRING_CATALOGS = YES;
				MTL_ENABLE_DEBUG_INFO = NO;
				MTL_FAST_MATH = YES;
				SDKROOT = iphoneos;
				SWIFT_COMPILATION_MODE = wholemodule;
				VALIDATE_PRODUCT = YES;
			};
			name = Release;
		};
		CAFD1A8B2E14F0F2004433A0 /* Debug */ = {
			isa = XCBuildConfiguration;
			buildSettings = {
				ASSETCATALOG_COMPILER_APPICON_NAME = AppIcon;
				ASSETCATALOG_COMPILER_GLOBAL_ACCENT_COLOR_NAME = AccentColor;
				CODE_SIGN_STYLE = Automatic;
				CURRENT_PROJECT_VERSION = 1;
				DEVELOPMENT_TEAM = YU5RM84NC9;
				ENABLE_PREVIEWS = YES;
				GENERATE_INFOPLIST_FILE = YES;
				INFOPLIST_KEY_NSMicrophoneUsageDescription = "This app needs microphone access to record your audio sessions and transcribe them.";
				INFOPLIST_KEY_NSSpeechRecognitionUsageDescription = "This app uses speech recognition to transcribe your recorded sessions.";
				INFOPLIST_KEY_UIApplicationSceneManifest_Generation = YES;
				INFOPLIST_KEY_UIApplicationSupportsIndirectInputEvents = YES;
				INFOPLIST_KEY_UILaunchScreen_Generation = YES;
				INFOPLIST_KEY_UISupportedInterfaceOrientations_iPad = "UIInterfaceOrientationPortrait UIInterfaceOrientationPortraitUpsideDown UIInterfaceOrientationLandscapeLeft UIInterfaceOrientationLandscapeRight";
				INFOPLIST_KEY_UISupportedInterfaceOrientations_iPhone = "UIInterfaceOrientationPortrait UIInterfaceOrientationLandscapeLeft UIInterfaceOrientationLandscapeRight";
				LD_RUNPATH_SEARCH_PATHS = (
					"$(inherited)",
					"@executable_path/Frameworks",
				);
				MARKETING_VERSION = 1.0;
				PRODUCT_BUNDLE_IDENTIFIER = com.letsgobjones.SwiftRecorder;
				PRODUCT_NAME = "$(TARGET_NAME)";
				SWIFT_EMIT_LOC_STRINGS = YES;
				SWIFT_VERSION = 5.0;
				TARGETED_DEVICE_FAMILY = "1,2";
			};
			name = Debug;
		};
		CAFD1A8C2E14F0F2004433A0 /* Release */ = {
			isa = XCBuildConfiguration;
			buildSettings = {
				ASSETCATALOG_COMPILER_APPICON_NAME = AppIcon;
				ASSETCATALOG_COMPILER_GLOBAL_ACCENT_COLOR_NAME = AccentColor;
				CODE_SIGN_STYLE = Automatic;
				CURRENT_PROJECT_VERSION = 1;
				DEVELOPMENT_TEAM = YU5RM84NC9;
				ENABLE_PREVIEWS = YES;
				GENERATE_INFOPLIST_FILE = YES;
				INFOPLIST_KEY_NSMicrophoneUsageDescription = "This app needs microphone access to record your audio sessions and transcribe them.";
				INFOPLIST_KEY_NSSpeechRecognitionUsageDescription = "This app uses speech recognition to transcribe your recorded sessions.";
				INFOPLIST_KEY_UIApplicationSceneManifest_Generation = YES;
				INFOPLIST_KEY_UIApplicationSupportsIndirectInputEvents = YES;
				INFOPLIST_KEY_UILaunchScreen_Generation = YES;
				INFOPLIST_KEY_UISupportedInterfaceOrientations_iPad = "UIInterfaceOrientationPortrait UIInterfaceOrientationPortraitUpsideDown UIInterfaceOrientationLandscapeLeft UIInterfaceOrientationLandscapeRight";
				INFOPLIST_KEY_UISupportedInterfaceOrientations_iPhone = "UIInterfaceOrientationPortrait UIInterfaceOrientationLandscapeLeft UIInterfaceOrientationLandscapeRight";
				LD_RUNPATH_SEARCH_PATHS = (
					"$(inherited)",
					"@executable_path/Frameworks",
				);
				MARKETING_VERSION = 1.0;
				PRODUCT_BUNDLE_IDENTIFIER = com.letsgobjones.SwiftRecorder;
				PRODUCT_NAME = "$(TARGET_NAME)";
				SWIFT_EMIT_LOC_STRINGS = YES;
				SWIFT_VERSION = 5.0;
				TARGETED_DEVICE_FAMILY = "1,2";
			};
			name = Release;
		};
/* End XCBuildConfiguration section */

/* Begin XCConfigurationList section */
		CA2082772E1A973800AADEBF /* Build configuration list for PBXNativeTarget "SwiftRecorderTests" */ = {
			isa = XCConfigurationList;
			buildConfigurations = (
				CA2082782E1A973800AADEBF /* Debug */,
				CA2082792E1A973800AADEBF /* Release */,
			);
			defaultConfigurationIsVisible = 0;
			defaultConfigurationName = Release;
		};
		CA2082862E1A975100AADEBF /* Build configuration list for PBXNativeTarget "SwiftRecorderUITests" */ = {
			isa = XCConfigurationList;
			buildConfigurations = (
				CA2082872E1A975100AADEBF /* Debug */,
				CA2082882E1A975100AADEBF /* Release */,
			);
			defaultConfigurationIsVisible = 0;
			defaultConfigurationName = Release;
		};
		CAFD1A782E14F0F1004433A0 /* Build configuration list for PBXProject "SwiftRecorder" */ = {
			isa = XCConfigurationList;
			buildConfigurations = (
				CAFD1A882E14F0F2004433A0 /* Debug */,
				CAFD1A892E14F0F2004433A0 /* Release */,
			);
			defaultConfigurationIsVisible = 0;
			defaultConfigurationName = Release;
		};
		CAFD1A8A2E14F0F2004433A0 /* Build configuration list for PBXNativeTarget "SwiftRecorder" */ = {
			isa = XCConfigurationList;
			buildConfigurations = (
				CAFD1A8B2E14F0F2004433A0 /* Debug */,
				CAFD1A8C2E14F0F2004433A0 /* Release */,
			);
			defaultConfigurationIsVisible = 0;
			defaultConfigurationName = Release;
		};
/* End XCConfigurationList section */
	};
	rootObject = CAFD1A752E14F0F1004433A0 /* Project object */;
}
